{
  "name": "client2",
  "version": "0.0.0",
  "lockfileVersion": 1,
  "requires": true,
  "dependencies": {
    "@angular/animations": {
      "version": "5.2.10",
      "resolved": "https://registry.npmjs.org/@angular/animations/-/animations-5.2.10.tgz",
      "integrity": "sha512-QNYXqnti8BeFriNaZ/juLnO6l0MVlVNUmLycC9ma+pdTiEJl8rtgZ0WXxgOCjScyKpInkWn2J+m9FI/78SYFpw=="
    },
    "@angular/cli": {
      "version": "1.7.4",
      "resolved": "https://registry.npmjs.org/@angular/cli/-/cli-1.7.4.tgz",
      "integrity": "sha512-URdb1QtnQf+Ievy93wjq7gE81s25BkWUwJFPey+YkphBA3G1lbCAQPiEh2pntBwaIKavgEuCw+Sf2YZdgTVhDA==",
      "dev": true
    },
    "@angular/common": {
      "version": "5.2.10",
      "resolved": "https://registry.npmjs.org/@angular/common/-/common-5.2.10.tgz",
      "integrity": "sha512-4zgI/Q6bo/KCvrDPf8gc2IpTJ3PFKgd9RF4jZuh1uc+uEYTAj396tDF8o412AJ/iwtYOHWUx+YgzAvT8dHXZ5Q=="
    },
    "@angular/compiler": {
      "version": "5.2.10",
      "resolved": "https://registry.npmjs.org/@angular/compiler/-/compiler-5.2.10.tgz",
      "integrity": "sha512-FI9ip+aWGpKQB+VfNbFQ+wyh0K4Th8Q/MrHxW6CN4BYVAfFtfORRohvyyYk0sRxuQO8JFN3W/FFfdXjuL+cZKw=="
    },
    "@angular/compiler-cli": {
      "version": "5.2.10",
      "resolved": "https://registry.npmjs.org/@angular/compiler-cli/-/compiler-cli-5.2.10.tgz",
      "integrity": "sha512-RhI26rVALRn3LrU0CAIEj56m60vLyCd8e2Ah79yRP6vlXL8k6SylXytUljTeXIBtiVu2Bi1qKGf2s1X674GzCw==",
      "dev": true,
      "dependencies": {
        "minimist": {
          "version": "1.2.0",
          "resolved": "https://registry.npmjs.org/minimist/-/minimist-1.2.0.tgz",
          "integrity": "sha1-o1AIsg9BOD7sH7kU9M1d95omQoQ="
        }
      }
    },
    "@angular/core": {
      "version": "10.2.5",
      "resolved": "https://registry.npmjs.org/@angular/core/-/core-10.2.5.tgz",
      "integrity": "sha512-krhOKNTj5XE92Rk9ASX5KmgTF72j7qT2PLVxrGEVjuUKjBY2XaK3TV0Kotq9zI3qa9WgeCrP/Njn6jlKQCCAEQ==",
      "requires": {
        "tslib": "^2.0.0"
      }
    },
    "@angular/forms": {
      "version": "5.2.10",
      "resolved": "https://registry.npmjs.org/@angular/forms/-/forms-5.2.10.tgz",
      "integrity": "sha512-XQR4cd1Eey9aDT3CxQ6pbBWSBEg1408ZV/EUblKgMgt4k8PfDiuLSbF+MI/TOYAg3UkcVAxN1no4hWtkou8Rpw=="
    },
    "@angular/http": {
      "version": "5.2.10",
      "resolved": "https://registry.npmjs.org/@angular/http/-/http-5.2.10.tgz",
      "integrity": "sha512-euEJbxpH+pKBAwGUSo7XvNdods/kY6I4s8OUaJPUMtraQkhE6TJ0OMYvnqmGbdLimsg3ZMxqm54jCOjj9saEOQ=="
    },
    "@angular/language-service": {
      "version": "5.2.10",
      "resolved": "https://registry.npmjs.org/@angular/language-service/-/language-service-5.2.10.tgz",
      "integrity": "sha512-/KGIb7yMRzml16EI6Givyrau3e0Mf7jKlbIiCnXoUU7f42BvrotRk9ob1aVzrXkX/DvESniX2tFoG14jS5VGrg==",
      "dev": true
    },
    "@angular/platform-browser": {
      "version": "5.2.10",
      "resolved": "https://registry.npmjs.org/@angular/platform-browser/-/platform-browser-5.2.10.tgz",
      "integrity": "sha512-oF1A0BS1wpTlxfv6YytkFCkztvvtVllnh5IUnoyV+siVT3qogKat9ZmzCmcDJ5SvIDYkY+rXBhumyFzBZ5ufFg=="
    },
    "@angular/platform-browser-dynamic": {
      "version": "5.2.10",
      "resolved": "https://registry.npmjs.org/@angular/platform-browser-dynamic/-/platform-browser-dynamic-5.2.10.tgz",
      "integrity": "sha512-TquhIkyR6uXfmzk6RiEl5+8Kk653Wqe4F+pKn5gFi+Z6cDm4nkDlT9kgT3e6c08JHw9fGGAvNmsalq7oS+PnNg=="
    },
    "@angular/router": {
      "version": "5.2.10",
      "resolved": "https://registry.npmjs.org/@angular/router/-/router-5.2.10.tgz",
      "integrity": "sha512-63op4yExVsm+Ng4dlCeexQdXKYMnzxtmX116V3hY/mHi1MPTR20uPCx55U8xR0kQvxs0ea8tmJxHdMpz76edqA=="
    },
    "@types/jasmine": {
      "version": "2.8.6",
      "resolved": "https://registry.npmjs.org/@types/jasmine/-/jasmine-2.8.6.tgz",
      "integrity": "sha512-clg9raJTY0EOo5pVZKX3ZlMjlYzVU73L71q5OV1jhE2Uezb7oF94jh4CvwrW6wInquQAdhOxJz5VDF2TLUGmmA==",
      "dev": true
    },
    "@types/jasminewd2": {
      "version": "2.0.3",
      "resolved": "https://registry.npmjs.org/@types/jasminewd2/-/jasminewd2-2.0.3.tgz",
      "integrity": "sha512-hYDVmQZT5VA2kigd4H4bv7vl/OhlympwREUemqBdOqtrYTo5Ytm12a5W5/nGgGYdanGVxj0x/VhZ7J3hOg/YKg==",
      "dev": true
    },
    "@types/node": {
      "version": "6.0.106",
      "resolved": "https://registry.npmjs.org/@types/node/-/node-6.0.106.tgz",
      "integrity": "sha512-U4Zv5fx7letrisRv6HgSSPSY00FZM4NMIkilt+IAExvQLuNa6jYVwCKcnSs2NqTN4+KDl9PskvcCiMce9iePCA==",
      "dev": true
    },
    "bootstrap": {
      "version": "3.4.1",
      "resolved": "https://registry.npmjs.org/bootstrap/-/bootstrap-3.4.1.tgz",
      "integrity": "sha512-yN5oZVmRCwe5aKwzRj6736nSmKDX7pLYwsXiCj/EYmo16hODaBiT4En5btW/jhBF/seV+XMx3aYwukYC3A49DA=="
    },
    "codelyzer": {
      "version": "4.3.0",
      "resolved": "https://registry.npmjs.org/codelyzer/-/codelyzer-4.3.0.tgz",
      "integrity": "sha512-RLMrtLwrBS0dfo2/KTP+2NHofCpzcuh0bEp/A/naqvQonbUL4AW/qWQdbpn8dMNudtpmzEx9eS8KEpGdVPg1BA==",
      "dev": true
    },
    "core-js": {
      "version": "2.5.5",
      "resolved": "https://registry.npmjs.org/core-js/-/core-js-2.5.5.tgz",
      "integrity": "sha1-sU3ek2xkDAV5prUMq8wTLdYSfjs="
    },
    "cryptiles": {
      "version": "4.1.2",
      "resolved": "https://registry.npmjs.org/cryptiles/-/cryptiles-4.1.2.tgz",
      "integrity": "sha512-U2ALcoAHvA1oO2xOreyHvtkQ+IELqDG2WVWRI1GH/XEmmfGIOalnM5MU5Dd2ITyWfr3m6kNqXiy8XuYyd4wKJw==",
      "dependencies": {
        "boom": {
          "version": "7.2.0",
          "resolved": "https://registry.npmjs.org/boom/-/boom-7.2.0.tgz",
          "integrity": "sha1-K/8kpVVldn/ehp7ICDF+sQxI6WY="
        },
        "hoek": {
          "version": "5.0.4",
          "resolved": "https://registry.npmjs.org/hoek/-/hoek-5.0.4.tgz",
          "integrity": "sha512-Alr4ZQgoMlnere5FZJsIyfIjORBqZll5POhDsF4q64dPuJR6rNxXdDxtHSQq8OXRurhmx+PWYEE8bXRROY8h0w=="
        }
      }
    },
    "jasmine-core": {
      "version": "2.8.0",
      "resolved": "https://registry.npmjs.org/jasmine-core/-/jasmine-core-2.8.0.tgz",
      "integrity": "sha1-vMl5rh+f0FcB5F5S5l06XWPxok4=",
      "dev": true
    },
    "jasmine-spec-reporter": {
      "version": "4.2.1",
      "resolved": "https://registry.npmjs.org/jasmine-spec-reporter/-/jasmine-spec-reporter-4.2.1.tgz",
      "integrity": "sha512-FZBoZu7VE5nR7Nilzy+Np8KuVIOxF4oXDPDknehCYBDE080EnlPu0afdZNmpGDBRCUBv3mj5qgqCRmk6W/K8vg==",
      "dev": true
    },
    "jquery": {
      "version": "3.3.1",
      "resolved": "https://registry.npmjs.org/jquery/-/jquery-3.3.1.tgz",
      "integrity": "sha512-Ubldcmxp5np52/ENotGxlLe6aGMvmF4R8S6tZjsP6Knsaxd/xp3Zrh50cG93lR6nPXyUFwzN3ZSOQI0wRJNdGg=="
    },
    "karma": {
      "version": "2.0.2",
      "resolved": "https://registry.npmjs.org/karma/-/karma-2.0.2.tgz",
      "integrity": "sha1-TS25QChQpmVR+nhLAWT7CCTtjEs=",
      "dev": true,
      "dependencies": {
        "source-map": {
          "version": "0.6.1",
          "resolved": "https://registry.npmjs.org/source-map/-/source-map-0.6.1.tgz",
          "integrity": "sha512-UjgapumWlbMhkBgzT7Ykc5YXUT46F0iKu8SGXq0bcwP5dz/h0Plj6enJqjz1Zbq2l5WaqYnrVbwWOWMyF3F47g=="
        }
      }
    },
    "karma-chrome-launcher": {
      "version": "2.2.0",
      "resolved": "https://registry.npmjs.org/karma-chrome-launcher/-/karma-chrome-launcher-2.2.0.tgz",
      "integrity": "sha512-uf/ZVpAabDBPvdPdveyk1EPgbnloPvFFGgmRhYLTDH7gEB4nZdSBk8yTU47w1g/drLSx5uMOkjKk7IWKfWg/+w==",
      "dev": true
    },
    "karma-coverage-istanbul-reporter": {
      "version": "1.4.2",
      "resolved": "https://registry.npmjs.org/karma-coverage-istanbul-reporter/-/karma-coverage-istanbul-reporter-1.4.2.tgz",
      "integrity": "sha512-sQHexslLF+QHzaKfK8+onTYMyvSwv+p5cDayVxhpEELGa3z0QuB+l0IMsicIkkBNMOJKQaqueiRoW7iuo7lsog==",
      "dev": true
    },
    "karma-jasmine": {
      "version": "1.1.1",
      "resolved": "https://registry.npmjs.org/karma-jasmine/-/karma-jasmine-1.1.1.tgz",
      "integrity": "sha1-b+hA51oRYAydkehLM8RY4cRqNSk=",
      "dev": true
    },
    "karma-jasmine-html-reporter": {
      "version": "0.2.2",
      "resolved": "https://registry.npmjs.org/karma-jasmine-html-reporter/-/karma-jasmine-html-reporter-0.2.2.tgz",
      "integrity": "sha1-SKjl7xiAdhfuK14zwRlMNbQ5Ukw=",
      "dev": true
    },
    "popper.js": {
      "version": "1.14.0",
      "resolved": "https://registry.npmjs.org/popper.js/-/popper.js-1.14.0.tgz",
      "integrity": "sha1-PXMTIQDIO/3F+rtHab6SX1flncI="
    },
    "protractor": {
      "version": "5.1.2",
      "resolved": "https://registry.npmjs.org/protractor/-/protractor-5.1.2.tgz",
      "integrity": "sha1-myIXQXCaTGLVzVPGqt1UpxE36V8=",
      "dev": true,
      "dependencies": {
        "ansi-styles": {
          "version": "2.2.1",
          "resolved": "https://registry.npmjs.org/ansi-styles/-/ansi-styles-2.2.1.tgz",
          "integrity": "sha1-tDLdM1i2NM914eRmQ2gkBTPB3b4="
        },
        "chalk": {
          "version": "1.1.3",
          "resolved": "https://registry.npmjs.org/chalk/-/chalk-1.1.3.tgz",
          "integrity": "sha1-qBFcVeSnAv5NFQq9OHKCKn4J/Jg="
        },
        "del": {
          "version": "2.2.2",
          "resolved": "https://registry.npmjs.org/del/-/del-2.2.2.tgz",
          "integrity": "sha1-wSyYHQZ4RshLyvhiz/kw2Qf/0ag="
        },
        "globby": {
          "version": "5.0.0",
          "resolved": "https://registry.npmjs.org/globby/-/globby-5.0.0.tgz",
          "integrity": "sha1-69hGZ8oNuzMLmbz8aOrCvFQ3Dg0="
        },
        "minimist": {
          "version": "1.2.0",
          "resolved": "https://registry.npmjs.org/minimist/-/minimist-1.2.0.tgz",
          "integrity": "sha1-o1AIsg9BOD7sH7kU9M1d95omQoQ="
        },
        "pify": {
          "version": "2.3.0",
          "resolved": "https://registry.npmjs.org/pify/-/pify-2.3.0.tgz",
          "integrity": "sha1-7RQaasBDqEnqWISY59yosVMw6Qw="
        },
        "supports-color": {
          "version": "2.0.0",
          "resolved": "https://registry.npmjs.org/supports-color/-/supports-color-2.0.0.tgz",
          "integrity": "sha1-U10EXOa2Nj+kARcIRimZXp3zJMc="
        },
        "webdriver-manager": {
          "version": "12.0.6",
          "resolved": "https://registry.npmjs.org/webdriver-manager/-/webdriver-manager-12.0.6.tgz",
          "integrity": "sha1-PfGkgZdwELTL+MnYXHpXeCjA5ws="
        }
      }
    },
    "rxjs": {
      "version": "5.5.10",
      "resolved": "https://registry.npmjs.org/rxjs/-/rxjs-5.5.10.tgz",
      "integrity": "sha512-SRjimIDUHJkon+2hFo7xnvNC4ZEHGzCRwh9P7nzX3zPkCGFEg/tuElrNR7L/rZMagnK2JeH2jQwPRpmyXyLB6A=="
    },
    "ts-node": {
      "version": "4.1.0",
      "resolved": "https://registry.npmjs.org/ts-node/-/ts-node-4.1.0.tgz",
      "integrity": "sha512-xcZH12oVg9PShKhy3UHyDmuDLV3y7iKwX25aMVPt1SIXSuAfWkFiGPEkg+th8R4YKW/QCxDoW7lJdb15lx6QWg==",
      "dev": true,
      "dependencies": {
        "chalk": {
          "version": "2.4.1",
          "resolved": "https://registry.npmjs.org/chalk/-/chalk-2.4.1.tgz",
          "integrity": "sha512-ObN6h1v2fTJSmUXoS3nMQ92LbDK9be4TV+6G+omQlGJFdcUX5heKi1LZ1YnRMIgwTLEj3E24bT6tYni50rlCfQ=="
        },
        "has-flag": {
          "version": "3.0.0",
          "resolved": "https://registry.npmjs.org/has-flag/-/has-flag-3.0.0.tgz",
          "integrity": "sha1-tdRU3CGZriJWmfNGfloH87lVuv0="
        },
        "minimist": {
          "version": "1.2.0",
          "resolved": "https://registry.npmjs.org/minimist/-/minimist-1.2.0.tgz",
          "integrity": "sha1-o1AIsg9BOD7sH7kU9M1d95omQoQ="
        },
        "source-map": {
          "version": "0.6.1",
          "resolved": "https://registry.npmjs.org/source-map/-/source-map-0.6.1.tgz",
          "integrity": "sha512-UjgapumWlbMhkBgzT7Ykc5YXUT46F0iKu8SGXq0bcwP5dz/h0Plj6enJqjz1Zbq2l5WaqYnrVbwWOWMyF3F47g=="
        },
        "source-map-support": {
          "version": "0.5.5",
          "resolved": "https://registry.npmjs.org/source-map-support/-/source-map-support-0.5.5.tgz",
          "integrity": "sha512-mR7/Nd5l1z6g99010shcXJiNEaf3fEtmLhRB/sBcQVJGodcHCULPp2y4Sfa43Kv2zq7T+Izmfp/WHCR6dYkQCA=="
        },
        "supports-color": {
          "version": "5.4.0",
          "resolved": "https://registry.npmjs.org/supports-color/-/supports-color-5.4.0.tgz",
          "integrity": "sha512-zjaXglF5nnWpsq470jSv6P9DwPvgLkuapYmfDm3JWOm0vkNTVF2tI4UrN2r6jH1qM/uc/WtxYY1hYoA2dOKj5w=="
        }
      }
    },
    "tslib": {
      "version": "2.6.2",
      "resolved": "https://registry.npmjs.org/tslib/-/tslib-2.6.2.tgz",
      "integrity": "sha512-AEYxH93jGFPn/a2iVAwW87VuUIkR1FVUKB77NwMF7nBTDkDrrT/Hpt/IrCJ0QXhW27jTBDcf5ZY7w6RiqTMw2Q=="
    },
    "tslint": {
      "version": "5.9.1",
      "resolved": "https://registry.npmjs.org/tslint/-/tslint-5.9.1.tgz",
      "integrity": "sha1-ElX4ej/1frCw4fDmEKi0dIBGya4=",
      "dev": true,
      "dependencies": {
        "chalk": {
          "version": "2.4.1",
          "resolved": "https://registry.npmjs.org/chalk/-/chalk-2.4.1.tgz",
          "integrity": "sha512-ObN6h1v2fTJSmUXoS3nMQ92LbDK9be4TV+6G+omQlGJFdcUX5heKi1LZ1YnRMIgwTLEj3E24bT6tYni50rlCfQ=="
        },
        "has-flag": {
          "version": "3.0.0",
          "resolved": "https://registry.npmjs.org/has-flag/-/has-flag-3.0.0.tgz",
          "integrity": "sha1-tdRU3CGZriJWmfNGfloH87lVuv0="
        },
        "supports-color": {
          "version": "5.4.0",
          "resolved": "https://registry.npmjs.org/supports-color/-/supports-color-5.4.0.tgz",
          "integrity": "sha512-zjaXglF5nnWpsq470jSv6P9DwPvgLkuapYmfDm3JWOm0vkNTVF2tI4UrN2r6jH1qM/uc/WtxYY1hYoA2dOKj5w=="
        }
      }
    },
    "typescript": {
      "version": "2.5.3",
      "resolved": "https://registry.npmjs.org/typescript/-/typescript-2.5.3.tgz",
      "integrity": "sha512-ptLSQs2S4QuS6/OD1eAKG+S5G8QQtrU5RT32JULdZQtM1L3WTi34Wsu48Yndzi8xsObRAB9RPt/KhA9wlpEF6w==",
      "dev": true
    },
    "zone.js": {
      "version": "0.8.26",
      "resolved": "https://registry.npmjs.org/zone.js/-/zone.js-0.8.26.tgz",
      "integrity": "sha512-W9Nj+UmBJG251wkCacIkETgra4QgBo/vgoEkb4a2uoLzpQG7qF9nzwoLXWU5xj3Fg2mxGvEDh47mg24vXccYjA=="
    }
  }
}
